
Microsoft Visual Studio Solution File, Format Version 12.00
# Visual Studio Version 17
VisualStudioVersion = 17.8.34316.72
MinimumVisualStudioVersion = 10.0.40219.1
Project("{FAE04EC0-301F-11D3-BF4B-00C04F79EFBC}") = "OrganizationSummary", "OrganizationSummary.csproj", "{BA2D3CAC-78D0-4ED7-BF2C-55A95D31B34E}"
EndProject
Global
	GlobalSection(SolutionConfigurationPlatforms) = preSolution
		Debug|Any CPU = Debug|Any CPU
		Release|Any CPU = Release|Any CPU
	EndGlobalSection
	GlobalSection(ProjectConfigurationPlatforms) = postSolution
		{BA2D3CAC-78D0-4ED7-BF2C-55A95D31B34E}.Debug|Any CPU.ActiveCfg = Debug|Any CPU
		{BA2D3CAC-78D0-4ED7-BF2C-55A95D31B34E}.Debug|Any CPU.Build.0 = Debug|Any CPU
		{BA2D3CAC-78D0-4ED7-BF2C-55A95D31B34E}.Release|Any CPU.ActiveCfg = Release|Any CPU
		{BA2D3CAC-78D0-4ED7-BF2C-55A95D31B34E}.Release|Any CPU.Build.0 = Release|Any CPU
	EndGlobalSection
	GlobalSection(SolutionProperties) = preSolution
		HideSolutionNode = FALSE
	EndGlobalSection
	GlobalSection(ExtensibilityGlobals) = postSolution
		SolutionGuid = {690E902D-8B96-4AC4-818E-22EF6541817E}
	EndGlobalSection
EndGlobal
